# THIS IS AN AUTOGENERATED FILE. DO NOT EDIT THIS FILE DIRECTLY.
# yarn lockfile v1


chart.js@^3.1.1:
  version "3.1.1"
  resolved "https://registry.yarnpkg.com/chart.js/-/chart.js-3.1.1.tgz#2cdbda7fccea532313332fe822f0cae268f24cf3"
  integrity sha512-ghNJersc9VD9MECwa5bL8gqvCkndW6RSCicdEHL9lIriNtXwKawlSmwo+u6KNXLYT2+f24GdFPBoynKW3ke4MQ==

lodash@^4.17.19:
  version "4.17.21"
  resolved "https://registry.yarnpkg.com/lodash/-/lodash-4.17.21.tgz#679591c564c3bffaae8454cf0b3df370c3d6911c"
  integrity sha512-v2kDEe57lecTulaDIuNTPy3Ry4gLGJ6Z1O3vE1krgXZNrsQ+LFTGHVxVjcXPs17LhbZVGedAJv8XZ1tvj5FvSg==

react-chartjs-2@^3.0.2:
  version "3.0.2"
  resolved "https://registry.yarnpkg.com/react-chartjs-2/-/react-chartjs-2-3.0.2.tgz#38c20f6c3eb767c755391660f179a3d572e62a89"
  integrity sha512-YeVwAJLuxILEgfXJPC4dU3YHcuzyx5F6WgLPrPwKYgdPY91r6xvwQQAklk6lThcO8W5rLxsKUsbqs4XxOF1zdA==
  dependencies:
    lodash "^4.17.19"
