# THIS IS AN AUTOGENERATED FILE. DO NOT EDIT THIS FILE DIRECTLY.
# yarn lockfile v1


chart.js@^3.2.1:
  version "3.2.1"
  resolved "https://registry.yarnpkg.com/chart.js/-/chart.js-3.2.1.tgz#1a17d6a88cef324ef711949e227eb51d6c4c26d3"
  integrity sha512-XsNDf3854RGZkLCt+5vWAXGAtUdKP2nhfikLGZqud6G4CvRE2ts64TIxTTfspOin2kEZvPgomE29E6oU02dYjQ==

lodash@^4.17.19:
  version "4.17.21"
  resolved "https://registry.yarnpkg.com/lodash/-/lodash-4.17.21.tgz#679591c564c3bffaae8454cf0b3df370c3d6911c"
  integrity sha512-v2kDEe57lecTulaDIuNTPy3Ry4gLGJ6Z1O3vE1krgXZNrsQ+LFTGHVxVjcXPs17LhbZVGedAJv8XZ1tvj5FvSg==

react-chartjs-2@^3.0.3:
  version "3.0.3"
  resolved "https://registry.yarnpkg.com/react-chartjs-2/-/react-chartjs-2-3.0.3.tgz#9cb1981396f9574afebd29aff4e6df71ed615596"
  integrity sha512-jOFZKwZ8sMLkddewZ/tToxuu4pYimAvvY5I6uK+hCpSFT16Pvo2bdHhUoZ0X87zu9I+dx2I+JCqaLN6XhmrbDg==
  dependencies:
    lodash "^4.17.19"
